
Microsoft Visual Studio Solution File, Format Version 12.00
# Visual Studio Version 17
VisualStudioVersion = 17.8.35230.98
MinimumVisualStudioVersion = 10.0.40219.1
Project("{FAE04EC0-301F-11D3-BF4B-00C04F79EFBC}") = "圓周函式1", "圓周函式1.csproj", "{BCBB154F-AFF7-42D6-9871-45EC45C31F99}"
EndProject
Global
	GlobalSection(SolutionConfigurationPlatforms) = preSolution
		Debug|Any CPU = Debug|Any CPU
		Release|Any CPU = Release|Any CPU
	EndGlobalSection
	GlobalSection(ProjectConfigurationPlatforms) = postSolution
		{BCBB154F-AFF7-42D6-9871-45EC45C31F99}.Debug|Any CPU.ActiveCfg = Debug|Any CPU
		{BCBB154F-AFF7-42D6-9871-45EC45C31F99}.Debug|Any CPU.Build.0 = Debug|Any CPU
		{BCBB154F-AFF7-42D6-9871-45EC45C31F99}.Release|Any CPU.ActiveCfg = Release|Any CPU
		{BCBB154F-AFF7-42D6-9871-45EC45C31F99}.Release|Any CPU.Build.0 = Release|Any CPU
	EndGlobalSection
	GlobalSection(SolutionProperties) = preSolution
		HideSolutionNode = FALSE
	EndGlobalSection
	GlobalSection(ExtensibilityGlobals) = postSolution
		SolutionGuid = {BC2CC71D-06BF-468C-A187-11892505A512}
	EndGlobalSection
EndGlobal
